
Microsoft Visual Studio Solution File, Format Version 12.00
# Visual Studio Version 17
VisualStudioVersion = 17.5.33530.505
MinimumVisualStudioVersion = 10.0.40219.1
Project("{9A19103F-16F7-4668-BE54-9A1E7A4F7556}") = "KnowItTest", "KnowItTest\KnowItTest.csproj", "{F0C615FB-56EC-482E-B2BC-681C1EE0A468}"
EndProject
Project("{FAE04EC0-301F-11D3-BF4B-00C04F79EFBC}") = "xUnitKnowItTest", "xUnitKnowItTest\xUnitKnowItTest.csproj", "{F37FFA7D-DD6D-4C6F-9FA6-81D66F608B80}"
EndProject
Global
	GlobalSection(SolutionConfigurationPlatforms) = preSolution
		Debug|Any CPU = Debug|Any CPU
		Release|Any CPU = Release|Any CPU
	EndGlobalSection
	GlobalSection(ProjectConfigurationPlatforms) = postSolution
		{F0C615FB-56EC-482E-B2BC-681C1EE0A468}.Debug|Any CPU.ActiveCfg = Debug|Any CPU
		{F0C615FB-56EC-482E-B2BC-681C1EE0A468}.Debug|Any CPU.Build.0 = Debug|Any CPU
		{F0C615FB-56EC-482E-B2BC-681C1EE0A468}.Release|Any CPU.ActiveCfg = Release|Any CPU
		{F0C615FB-56EC-482E-B2BC-681C1EE0A468}.Release|Any CPU.Build.0 = Release|Any CPU
		{F37FFA7D-DD6D-4C6F-9FA6-81D66F608B80}.Debug|Any CPU.ActiveCfg = Debug|Any CPU
		{F37FFA7D-DD6D-4C6F-9FA6-81D66F608B80}.Debug|Any CPU.Build.0 = Debug|Any CPU
		{F37FFA7D-DD6D-4C6F-9FA6-81D66F608B80}.Release|Any CPU.ActiveCfg = Release|Any CPU
		{F37FFA7D-DD6D-4C6F-9FA6-81D66F608B80}.Release|Any CPU.Build.0 = Release|Any CPU
	EndGlobalSection
	GlobalSection(SolutionProperties) = preSolution
		HideSolutionNode = FALSE
	EndGlobalSection
	GlobalSection(ExtensibilityGlobals) = postSolution
		SolutionGuid = {1989355E-1A76-4BAF-8406-BE571FAFBC2A}
	EndGlobalSection
EndGlobal
