
Microsoft Visual Studio Solution File, Format Version 12.00
# Visual Studio Version 17
VisualStudioVersion = 17.5.33530.505
MinimumVisualStudioVersion = 10.0.40219.1
Project("{FAE04EC0-301F-11D3-BF4B-00C04F79EFBC}") = "Transportation.Main", "Transportation.Main\Transportation.Main.csproj", "{C9B3993B-0B59-4AA6-A130-65A02791A09D}"
EndProject
Project("{FAE04EC0-301F-11D3-BF4B-00C04F79EFBC}") = "Transportation.Billing", "Transportation.Billing\Transportation.Billing.csproj", "{8AF6EC1B-C845-4DFD-AED9-5FFB66CFE074}"
EndProject
Global
	GlobalSection(SolutionConfigurationPlatforms) = preSolution
		Debug|Any CPU = Debug|Any CPU
		Release|Any CPU = Release|Any CPU
	EndGlobalSection
	GlobalSection(ProjectConfigurationPlatforms) = postSolution
		{C9B3993B-0B59-4AA6-A130-65A02791A09D}.Debug|Any CPU.ActiveCfg = Debug|Any CPU
		{C9B3993B-0B59-4AA6-A130-65A02791A09D}.Debug|Any CPU.Build.0 = Debug|Any CPU
		{C9B3993B-0B59-4AA6-A130-65A02791A09D}.Release|Any CPU.ActiveCfg = Release|Any CPU
		{C9B3993B-0B59-4AA6-A130-65A02791A09D}.Release|Any CPU.Build.0 = Release|Any CPU
		{8AF6EC1B-C845-4DFD-AED9-5FFB66CFE074}.Debug|Any CPU.ActiveCfg = Debug|Any CPU
		{8AF6EC1B-C845-4DFD-AED9-5FFB66CFE074}.Debug|Any CPU.Build.0 = Debug|Any CPU
		{8AF6EC1B-C845-4DFD-AED9-5FFB66CFE074}.Release|Any CPU.ActiveCfg = Release|Any CPU
		{8AF6EC1B-C845-4DFD-AED9-5FFB66CFE074}.Release|Any CPU.Build.0 = Release|Any CPU
	EndGlobalSection
	GlobalSection(SolutionProperties) = preSolution
		HideSolutionNode = FALSE
	EndGlobalSection
	GlobalSection(ExtensibilityGlobals) = postSolution
		SolutionGuid = {33BDD033-093B-4EF8-BDFA-34DDE3E501E8}
	EndGlobalSection
EndGlobal
